
Microsoft Visual Studio Solution File, Format Version 12.00
# Visual Studio 2010
Project("{8BC9CEB8-8B4A-11D0-8D11-00A0C91BC942}") = "noldbach", "noldbach\noldbach.vcxproj", "{4536BBE1-C545-4D4C-A126-D980923F2F8D}"
EndProject
Project("{8BC9CEB8-8B4A-11D0-8D11-00A0C91BC942}") = "rocketshafts", "rocketshafts\rocketshafts.vcxproj", "{3E3AD24A-6910-46DF-A3FD-5345800081E2}"
EndProject
Project("{8BC9CEB8-8B4A-11D0-8D11-00A0C91BC942}") = "cthulhu", "cthulhu\cthulhu.vcxproj", "{5CAB9AAF-F20A-4042-81A2-70425DD432E2}"
EndProject
Project("{8BC9CEB8-8B4A-11D0-8D11-00A0C91BC942}") = "shortener", "shortener\shortener.vcxproj", "{9F754515-F16E-4B29-8066-C0E907F18110}"
EndProject
Project("{8BC9CEB8-8B4A-11D0-8D11-00A0C91BC942}") = "message", "message\message.vcxproj", "{907043C8-BA9E-4A21-AADF-A86F73623E8A}"
EndProject
Project("{8BC9CEB8-8B4A-11D0-8D11-00A0C91BC942}") = "suspects", "suspects\suspects.vcxproj", "{27F3E0C5-B33B-4C29-88CA-F27E2070B5E8}"
EndProject
Global
	GlobalSection(SolutionConfigurationPlatforms) = preSolution
		Debug|Win32 = Debug|Win32
		Release|Win32 = Release|Win32
	EndGlobalSection
	GlobalSection(ProjectConfigurationPlatforms) = postSolution
		{4536BBE1-C545-4D4C-A126-D980923F2F8D}.Debug|Win32.ActiveCfg = Debug|Win32
		{4536BBE1-C545-4D4C-A126-D980923F2F8D}.Debug|Win32.Build.0 = Debug|Win32
		{4536BBE1-C545-4D4C-A126-D980923F2F8D}.Release|Win32.ActiveCfg = Release|Win32
		{4536BBE1-C545-4D4C-A126-D980923F2F8D}.Release|Win32.Build.0 = Release|Win32
		{3E3AD24A-6910-46DF-A3FD-5345800081E2}.Debug|Win32.ActiveCfg = Debug|Win32
		{3E3AD24A-6910-46DF-A3FD-5345800081E2}.Debug|Win32.Build.0 = Debug|Win32
		{3E3AD24A-6910-46DF-A3FD-5345800081E2}.Release|Win32.ActiveCfg = Release|Win32
		{3E3AD24A-6910-46DF-A3FD-5345800081E2}.Release|Win32.Build.0 = Release|Win32
		{5CAB9AAF-F20A-4042-81A2-70425DD432E2}.Debug|Win32.ActiveCfg = Debug|Win32
		{5CAB9AAF-F20A-4042-81A2-70425DD432E2}.Debug|Win32.Build.0 = Debug|Win32
		{5CAB9AAF-F20A-4042-81A2-70425DD432E2}.Release|Win32.ActiveCfg = Release|Win32
		{5CAB9AAF-F20A-4042-81A2-70425DD432E2}.Release|Win32.Build.0 = Release|Win32
		{9F754515-F16E-4B29-8066-C0E907F18110}.Debug|Win32.ActiveCfg = Debug|Win32
		{9F754515-F16E-4B29-8066-C0E907F18110}.Debug|Win32.Build.0 = Debug|Win32
		{9F754515-F16E-4B29-8066-C0E907F18110}.Release|Win32.ActiveCfg = Release|Win32
		{9F754515-F16E-4B29-8066-C0E907F18110}.Release|Win32.Build.0 = Release|Win32
		{907043C8-BA9E-4A21-AADF-A86F73623E8A}.Debug|Win32.ActiveCfg = Debug|Win32
		{907043C8-BA9E-4A21-AADF-A86F73623E8A}.Debug|Win32.Build.0 = Debug|Win32
		{907043C8-BA9E-4A21-AADF-A86F73623E8A}.Release|Win32.ActiveCfg = Release|Win32
		{907043C8-BA9E-4A21-AADF-A86F73623E8A}.Release|Win32.Build.0 = Release|Win32
		{27F3E0C5-B33B-4C29-88CA-F27E2070B5E8}.Debug|Win32.ActiveCfg = Debug|Win32
		{27F3E0C5-B33B-4C29-88CA-F27E2070B5E8}.Debug|Win32.Build.0 = Debug|Win32
		{27F3E0C5-B33B-4C29-88CA-F27E2070B5E8}.Release|Win32.ActiveCfg = Release|Win32
		{27F3E0C5-B33B-4C29-88CA-F27E2070B5E8}.Release|Win32.Build.0 = Release|Win32
	EndGlobalSection
	GlobalSection(SolutionProperties) = preSolution
		HideSolutionNode = FALSE
	EndGlobalSection
EndGlobal
